
Microsoft Visual Studio Solution File, Format Version 12.00
# Visual Studio Version 16
VisualStudioVersion = 25.0.1700.0
MinimumVisualStudioVersion = 10.0.40219.1
Project("{FAE04EC0-301F-11D3-BF4B-00C04F79EFBC}") = "YourPiggyBank.Android", "YourPiggyBank\YourPiggyBank.Android\YourPiggyBank.Android.csproj", "{DD45A065-7896-47AD-934C-FBA9504719D2}"
EndProject
Project("{FAE04EC0-301F-11D3-BF4B-00C04F79EFBC}") = "YourPiggyBank.iOS", "YourPiggyBank\YourPiggyBank.iOS\YourPiggyBank.iOS.csproj", "{B060D648-BAF5-4099-95E9-5AB9B8709040}"
EndProject
Project("{FAE04EC0-301F-11D3-BF4B-00C04F79EFBC}") = "YourPiggyBank", "YourPiggyBank\YourPiggyBank\YourPiggyBank.csproj", "{D309E12B-3D76-4847-8CBB-4D656FC98419}"
EndProject
Global
	GlobalSection(SolutionConfigurationPlatforms) = preSolution
		Debug|Any CPU = Debug|Any CPU
		Release|Any CPU = Release|Any CPU
		Debug|iPhoneSimulator = Debug|iPhoneSimulator
		Release|iPhoneSimulator = Release|iPhoneSimulator
		Debug|iPhone = Debug|iPhone
		Release|iPhone = Release|iPhone
	EndGlobalSection
	GlobalSection(ProjectConfigurationPlatforms) = postSolution
		{DD45A065-7896-47AD-934C-FBA9504719D2}.Debug|Any CPU.ActiveCfg = Debug|Any CPU
		{DD45A065-7896-47AD-934C-FBA9504719D2}.Debug|Any CPU.Build.0 = Debug|Any CPU
		{DD45A065-7896-47AD-934C-FBA9504719D2}.Release|Any CPU.ActiveCfg = Release|Any CPU
		{DD45A065-7896-47AD-934C-FBA9504719D2}.Release|Any CPU.Build.0 = Release|Any CPU
		{DD45A065-7896-47AD-934C-FBA9504719D2}.Debug|iPhoneSimulator.ActiveCfg = Debug|Any CPU
		{DD45A065-7896-47AD-934C-FBA9504719D2}.Debug|iPhoneSimulator.Build.0 = Debug|Any CPU
		{DD45A065-7896-47AD-934C-FBA9504719D2}.Release|iPhoneSimulator.ActiveCfg = Release|Any CPU
		{DD45A065-7896-47AD-934C-FBA9504719D2}.Release|iPhoneSimulator.Build.0 = Release|Any CPU
		{DD45A065-7896-47AD-934C-FBA9504719D2}.Debug|iPhone.ActiveCfg = Debug|Any CPU
		{DD45A065-7896-47AD-934C-FBA9504719D2}.Debug|iPhone.Build.0 = Debug|Any CPU
		{DD45A065-7896-47AD-934C-FBA9504719D2}.Release|iPhone.ActiveCfg = Release|Any CPU
		{DD45A065-7896-47AD-934C-FBA9504719D2}.Release|iPhone.Build.0 = Release|Any CPU
		{B060D648-BAF5-4099-95E9-5AB9B8709040}.Debug|Any CPU.ActiveCfg = Debug|iPhoneSimulator
		{B060D648-BAF5-4099-95E9-5AB9B8709040}.Debug|Any CPU.Build.0 = Debug|iPhoneSimulator
		{B060D648-BAF5-4099-95E9-5AB9B8709040}.Release|Any CPU.ActiveCfg = Release|iPhoneSimulator
		{B060D648-BAF5-4099-95E9-5AB9B8709040}.Release|Any CPU.Build.0 = Release|iPhoneSimulator
		{B060D648-BAF5-4099-95E9-5AB9B8709040}.Debug|iPhoneSimulator.ActiveCfg = Debug|iPhoneSimulator
		{B060D648-BAF5-4099-95E9-5AB9B8709040}.Debug|iPhoneSimulator.Build.0 = Debug|iPhoneSimulator
		{B060D648-BAF5-4099-95E9-5AB9B8709040}.Release|iPhoneSimulator.ActiveCfg = Release|iPhoneSimulator
		{B060D648-BAF5-4099-95E9-5AB9B8709040}.Release|iPhoneSimulator.Build.0 = Release|iPhoneSimulator
		{B060D648-BAF5-4099-95E9-5AB9B8709040}.Debug|iPhone.ActiveCfg = Debug|iPhone
		{B060D648-BAF5-4099-95E9-5AB9B8709040}.Debug|iPhone.Build.0 = Debug|iPhone
		{B060D648-BAF5-4099-95E9-5AB9B8709040}.Release|iPhone.ActiveCfg = Release|iPhone
		{B060D648-BAF5-4099-95E9-5AB9B8709040}.Release|iPhone.Build.0 = Release|iPhone
		{D309E12B-3D76-4847-8CBB-4D656FC98419}.Debug|Any CPU.ActiveCfg = Debug|Any CPU
		{D309E12B-3D76-4847-8CBB-4D656FC98419}.Debug|Any CPU.Build.0 = Debug|Any CPU
		{D309E12B-3D76-4847-8CBB-4D656FC98419}.Release|Any CPU.ActiveCfg = Release|Any CPU
		{D309E12B-3D76-4847-8CBB-4D656FC98419}.Release|Any CPU.Build.0 = Release|Any CPU
		{D309E12B-3D76-4847-8CBB-4D656FC98419}.Debug|iPhoneSimulator.ActiveCfg = Debug|Any CPU
		{D309E12B-3D76-4847-8CBB-4D656FC98419}.Debug|iPhoneSimulator.Build.0 = Debug|Any CPU
		{D309E12B-3D76-4847-8CBB-4D656FC98419}.Release|iPhoneSimulator.ActiveCfg = Release|Any CPU
		{D309E12B-3D76-4847-8CBB-4D656FC98419}.Release|iPhoneSimulator.Build.0 = Release|Any CPU
		{D309E12B-3D76-4847-8CBB-4D656FC98419}.Debug|iPhone.ActiveCfg = Debug|Any CPU
		{D309E12B-3D76-4847-8CBB-4D656FC98419}.Debug|iPhone.Build.0 = Debug|Any CPU
		{D309E12B-3D76-4847-8CBB-4D656FC98419}.Release|iPhone.ActiveCfg = Release|Any CPU
		{D309E12B-3D76-4847-8CBB-4D656FC98419}.Release|iPhone.Build.0 = Release|Any CPU
	EndGlobalSection
	GlobalSection(SolutionProperties) = preSolution
		HideSolutionNode = FALSE
	EndGlobalSection
	GlobalSection(ExtensibilityGlobals) = postSolution
		SolutionGuid = {8D803003-D1B2-48A1-A586-34E30A231E66}
	EndGlobalSection
EndGlobal
